
Microsoft Visual Studio Solution File, Format Version 12.00
# Visual Studio 15
VisualStudioVersion = 15.0.27703.2035
MinimumVisualStudioVersion = 10.0.40219.1
Project("{FAE04EC0-301F-11D3-BF4B-00C04F79EFBC}") = "LoveCalculator.Android", "LoveCalculator\LoveCalculator.Android\LoveCalculator.Android.csproj", "{B3FA5F1D-96F3-4EDB-BCF0-D3DFCFB2960F}"
EndProject
Project("{FAE04EC0-301F-11D3-BF4B-00C04F79EFBC}") = "LoveCalculator.iOS", "LoveCalculator\LoveCalculator.iOS\LoveCalculator.iOS.csproj", "{E0A27C5A-8B28-4821-A4F2-189F7DFC6C4F}"
EndProject
Project("{D954291E-2A0B-460D-934E-DC6B0785DB48}") = "LoveCalculator", "LoveCalculator\LoveCalculator\LoveCalculator.shproj", "{73DF2F40-DB8C-4A50-A526-AF59E1994193}"
EndProject
Project("{FAE04EC0-301F-11D3-BF4B-00C04F79EFBC}") = "LoveCalculatorPCL.Android", "LoveCalculatorPCL\LoveCalculatorPCL.Android\LoveCalculatorPCL.Android.csproj", "{00569529-5C2B-45D0-B04D-537F0278636B}"
EndProject
Project("{FAE04EC0-301F-11D3-BF4B-00C04F79EFBC}") = "LoveCalculatorPCL.iOS", "LoveCalculatorPCL\LoveCalculatorPCL.iOS\LoveCalculatorPCL.iOS.csproj", "{3C73B87E-AD15-4D4F-AAB3-9EEDCC3729DD}"
EndProject
Project("{9A19103F-16F7-4668-BE54-9A1E7A4F7556}") = "LoveCalculatorPCL", "LoveCalculatorPCL\LoveCalculatorPCL\LoveCalculatorPCL.csproj", "{9F559EBE-4118-4CFB-9B43-81CB4038B731}"
EndProject
Project("{2150E333-8FDC-42A3-9474-1A3956D46DE8}") = "Assignment3", "Assignment3", "{A2B20DF8-91BC-4F9E-AA36-6076A7388C19}"
EndProject
Project("{2150E333-8FDC-42A3-9474-1A3956D46DE8}") = "Assignment4", "Assignment4", "{D693095C-65B3-4ABB-BCA9-F1208F7830AA}"
EndProject
Project("{FAE04EC0-301F-11D3-BF4B-00C04F79EFBC}") = "TipCalculator.Android", "TipCalculator\TipCalculator.Android\TipCalculator.Android.csproj", "{A71455BD-0209-4EE8-9A5A-8350E4F1DB8B}"
EndProject
Project("{FAE04EC0-301F-11D3-BF4B-00C04F79EFBC}") = "TipCalculator.iOS", "TipCalculator\TipCalculator.iOS\TipCalculator.iOS.csproj", "{BA1A5FD3-6E55-496F-8032-C941EBFABC50}"
EndProject
Project("{9A19103F-16F7-4668-BE54-9A1E7A4F7556}") = "TipCalculator", "TipCalculator\TipCalculator\TipCalculator.csproj", "{7DDF06DA-BBD2-45E3-A337-4CFA56AD4C81}"
EndProject
Project("{2150E333-8FDC-42A3-9474-1A3956D46DE8}") = "Assignment5", "Assignment5", "{5DDE444A-85D9-4E64-B9F0-6B8010F94435}"
EndProject
Project("{FAE04EC0-301F-11D3-BF4B-00C04F79EFBC}") = "Calculator.Android", "Calculator\Calculator.Android\Calculator.Android.csproj", "{F2EE17E9-CA18-4F70-BA98-443535842090}"
EndProject
Project("{FAE04EC0-301F-11D3-BF4B-00C04F79EFBC}") = "Calculator.iOS", "Calculator\Calculator.iOS\Calculator.iOS.csproj", "{DE0619A0-D89F-4330-960A-695D92BED4E4}"
EndProject
Project("{FAE04EC0-301F-11D3-BF4B-00C04F79EFBC}") = "Calculator", "Calculator\Calculator\Calculator.csproj", "{132EA879-14C1-4EC0-B6BA-8175AF49844B}"
EndProject
Global
	GlobalSection(SharedMSBuildProjectFiles) = preSolution
		LoveCalculator\LoveCalculator\LoveCalculator.projitems*{73df2f40-db8c-4a50-a526-af59e1994193}*SharedItemsImports = 13
		LoveCalculator\LoveCalculator\LoveCalculator.projitems*{b3fa5f1d-96f3-4edb-bcf0-d3dfcfb2960f}*SharedItemsImports = 4
		LoveCalculator\LoveCalculator\LoveCalculator.projitems*{e0a27c5a-8b28-4821-a4f2-189f7dfc6c4f}*SharedItemsImports = 4
	EndGlobalSection
	GlobalSection(SolutionConfigurationPlatforms) = preSolution
		Ad-Hoc|Any CPU = Ad-Hoc|Any CPU
		Ad-Hoc|iPhone = Ad-Hoc|iPhone
		Ad-Hoc|iPhoneSimulator = Ad-Hoc|iPhoneSimulator
		AppStore|Any CPU = AppStore|Any CPU
		AppStore|iPhone = AppStore|iPhone
		AppStore|iPhoneSimulator = AppStore|iPhoneSimulator
		Debug|Any CPU = Debug|Any CPU
		Debug|iPhone = Debug|iPhone
		Debug|iPhoneSimulator = Debug|iPhoneSimulator
		Release|Any CPU = Release|Any CPU
		Release|iPhone = Release|iPhone
		Release|iPhoneSimulator = Release|iPhoneSimulator
	EndGlobalSection
	GlobalSection(ProjectConfigurationPlatforms) = postSolution
		{B3FA5F1D-96F3-4EDB-BCF0-D3DFCFB2960F}.Ad-Hoc|Any CPU.ActiveCfg = Release|Any CPU
		{B3FA5F1D-96F3-4EDB-BCF0-D3DFCFB2960F}.Ad-Hoc|Any CPU.Build.0 = Release|Any CPU
		{B3FA5F1D-96F3-4EDB-BCF0-D3DFCFB2960F}.Ad-Hoc|Any CPU.Deploy.0 = Release|Any CPU
		{B3FA5F1D-96F3-4EDB-BCF0-D3DFCFB2960F}.Ad-Hoc|iPhone.ActiveCfg = Release|Any CPU
		{B3FA5F1D-96F3-4EDB-BCF0-D3DFCFB2960F}.Ad-Hoc|iPhone.Build.0 = Release|Any CPU
		{B3FA5F1D-96F3-4EDB-BCF0-D3DFCFB2960F}.Ad-Hoc|iPhone.Deploy.0 = Release|Any CPU
		{B3FA5F1D-96F3-4EDB-BCF0-D3DFCFB2960F}.Ad-Hoc|iPhoneSimulator.ActiveCfg = Release|Any CPU
		{B3FA5F1D-96F3-4EDB-BCF0-D3DFCFB2960F}.Ad-Hoc|iPhoneSimulator.Build.0 = Release|Any CPU
		{B3FA5F1D-96F3-4EDB-BCF0-D3DFCFB2960F}.Ad-Hoc|iPhoneSimulator.Deploy.0 = Release|Any CPU
		{B3FA5F1D-96F3-4EDB-BCF0-D3DFCFB2960F}.AppStore|Any CPU.ActiveCfg = Release|Any CPU
		{B3FA5F1D-96F3-4EDB-BCF0-D3DFCFB2960F}.AppStore|Any CPU.Build.0 = Release|Any CPU
		{B3FA5F1D-96F3-4EDB-BCF0-D3DFCFB2960F}.AppStore|Any CPU.Deploy.0 = Release|Any CPU
		{B3FA5F1D-96F3-4EDB-BCF0-D3DFCFB2960F}.AppStore|iPhone.ActiveCfg = Release|Any CPU
		{B3FA5F1D-96F3-4EDB-BCF0-D3DFCFB2960F}.AppStore|iPhone.Build.0 = Release|Any CPU
		{B3FA5F1D-96F3-4EDB-BCF0-D3DFCFB2960F}.AppStore|iPhone.Deploy.0 = Release|Any CPU
		{B3FA5F1D-96F3-4EDB-BCF0-D3DFCFB2960F}.AppStore|iPhoneSimulator.ActiveCfg = Release|Any CPU
		{B3FA5F1D-96F3-4EDB-BCF0-D3DFCFB2960F}.AppStore|iPhoneSimulator.Build.0 = Release|Any CPU
		{B3FA5F1D-96F3-4EDB-BCF0-D3DFCFB2960F}.AppStore|iPhoneSimulator.Deploy.0 = Release|Any CPU
		{B3FA5F1D-96F3-4EDB-BCF0-D3DFCFB2960F}.Debug|Any CPU.ActiveCfg = Debug|Any CPU
		{B3FA5F1D-96F3-4EDB-BCF0-D3DFCFB2960F}.Debug|Any CPU.Build.0 = Debug|Any CPU
		{B3FA5F1D-96F3-4EDB-BCF0-D3DFCFB2960F}.Debug|Any CPU.Deploy.0 = Debug|Any CPU
		{B3FA5F1D-96F3-4EDB-BCF0-D3DFCFB2960F}.Debug|iPhone.ActiveCfg = Debug|Any CPU
		{B3FA5F1D-96F3-4EDB-BCF0-D3DFCFB2960F}.Debug|iPhone.Build.0 = Debug|Any CPU
		{B3FA5F1D-96F3-4EDB-BCF0-D3DFCFB2960F}.Debug|iPhone.Deploy.0 = Debug|Any CPU
		{B3FA5F1D-96F3-4EDB-BCF0-D3DFCFB2960F}.Debug|iPhoneSimulator.ActiveCfg = Debug|Any CPU
		{B3FA5F1D-96F3-4EDB-BCF0-D3DFCFB2960F}.Debug|iPhoneSimulator.Build.0 = Debug|Any CPU
		{B3FA5F1D-96F3-4EDB-BCF0-D3DFCFB2960F}.Debug|iPhoneSimulator.Deploy.0 = Debug|Any CPU
		{B3FA5F1D-96F3-4EDB-BCF0-D3DFCFB2960F}.Release|Any CPU.ActiveCfg = Release|Any CPU
		{B3FA5F1D-96F3-4EDB-BCF0-D3DFCFB2960F}.Release|Any CPU.Build.0 = Release|Any CPU
		{B3FA5F1D-96F3-4EDB-BCF0-D3DFCFB2960F}.Release|Any CPU.Deploy.0 = Release|Any CPU
		{B3FA5F1D-96F3-4EDB-BCF0-D3DFCFB2960F}.Release|iPhone.ActiveCfg = Release|Any CPU
		{B3FA5F1D-96F3-4EDB-BCF0-D3DFCFB2960F}.Release|iPhone.Build.0 = Release|Any CPU
		{B3FA5F1D-96F3-4EDB-BCF0-D3DFCFB2960F}.Release|iPhone.Deploy.0 = Release|Any CPU
		{B3FA5F1D-96F3-4EDB-BCF0-D3DFCFB2960F}.Release|iPhoneSimulator.ActiveCfg = Release|Any CPU
		{B3FA5F1D-96F3-4EDB-BCF0-D3DFCFB2960F}.Release|iPhoneSimulator.Build.0 = Release|Any CPU
		{B3FA5F1D-96F3-4EDB-BCF0-D3DFCFB2960F}.Release|iPhoneSimulator.Deploy.0 = Release|Any CPU
		{E0A27C5A-8B28-4821-A4F2-189F7DFC6C4F}.Ad-Hoc|Any CPU.ActiveCfg = Ad-Hoc|iPhone
		{E0A27C5A-8B28-4821-A4F2-189F7DFC6C4F}.Ad-Hoc|Any CPU.Build.0 = Ad-Hoc|iPhone
		{E0A27C5A-8B28-4821-A4F2-189F7DFC6C4F}.Ad-Hoc|Any CPU.Deploy.0 = Ad-Hoc|iPhone
		{E0A27C5A-8B28-4821-A4F2-189F7DFC6C4F}.Ad-Hoc|iPhone.ActiveCfg = Ad-Hoc|iPhone
		{E0A27C5A-8B28-4821-A4F2-189F7DFC6C4F}.Ad-Hoc|iPhone.Build.0 = Ad-Hoc|iPhone
		{E0A27C5A-8B28-4821-A4F2-189F7DFC6C4F}.Ad-Hoc|iPhone.Deploy.0 = Ad-Hoc|iPhone
		{E0A27C5A-8B28-4821-A4F2-189F7DFC6C4F}.Ad-Hoc|iPhoneSimulator.ActiveCfg = Ad-Hoc|iPhoneSimulator
		{E0A27C5A-8B28-4821-A4F2-189F7DFC6C4F}.Ad-Hoc|iPhoneSimulator.Build.0 = Ad-Hoc|iPhoneSimulator
		{E0A27C5A-8B28-4821-A4F2-189F7DFC6C4F}.Ad-Hoc|iPhoneSimulator.Deploy.0 = Ad-Hoc|iPhoneSimulator
		{E0A27C5A-8B28-4821-A4F2-189F7DFC6C4F}.AppStore|Any CPU.ActiveCfg = AppStore|iPhone
		{E0A27C5A-8B28-4821-A4F2-189F7DFC6C4F}.AppStore|Any CPU.Build.0 = AppStore|iPhone
		{E0A27C5A-8B28-4821-A4F2-189F7DFC6C4F}.AppStore|Any CPU.Deploy.0 = AppStore|iPhone
		{E0A27C5A-8B28-4821-A4F2-189F7DFC6C4F}.AppStore|iPhone.ActiveCfg = AppStore|iPhone
		{E0A27C5A-8B28-4821-A4F2-189F7DFC6C4F}.AppStore|iPhone.Build.0 = AppStore|iPhone
		{E0A27C5A-8B28-4821-A4F2-189F7DFC6C4F}.AppStore|iPhone.Deploy.0 = AppStore|iPhone
		{E0A27C5A-8B28-4821-A4F2-189F7DFC6C4F}.AppStore|iPhoneSimulator.ActiveCfg = AppStore|iPhoneSimulator
		{E0A27C5A-8B28-4821-A4F2-189F7DFC6C4F}.AppStore|iPhoneSimulator.Build.0 = AppStore|iPhoneSimulator
		{E0A27C5A-8B28-4821-A4F2-189F7DFC6C4F}.AppStore|iPhoneSimulator.Deploy.0 = AppStore|iPhoneSimulator
		{E0A27C5A-8B28-4821-A4F2-189F7DFC6C4F}.Debug|Any CPU.ActiveCfg = Debug|iPhoneSimulator
		{E0A27C5A-8B28-4821-A4F2-189F7DFC6C4F}.Debug|Any CPU.Build.0 = Debug|iPhoneSimulator
		{E0A27C5A-8B28-4821-A4F2-189F7DFC6C4F}.Debug|Any CPU.Deploy.0 = Debug|iPhoneSimulator
		{E0A27C5A-8B28-4821-A4F2-189F7DFC6C4F}.Debug|iPhone.ActiveCfg = Debug|iPhone
		{E0A27C5A-8B28-4821-A4F2-189F7DFC6C4F}.Debug|iPhone.Build.0 = Debug|iPhone
		{E0A27C5A-8B28-4821-A4F2-189F7DFC6C4F}.Debug|iPhone.Deploy.0 = Debug|iPhone
		{E0A27C5A-8B28-4821-A4F2-189F7DFC6C4F}.Debug|iPhoneSimulator.ActiveCfg = Debug|iPhoneSimulator
		{E0A27C5A-8B28-4821-A4F2-189F7DFC6C4F}.Debug|iPhoneSimulator.Build.0 = Debug|iPhoneSimulator
		{E0A27C5A-8B28-4821-A4F2-189F7DFC6C4F}.Debug|iPhoneSimulator.Deploy.0 = Debug|iPhoneSimulator
		{E0A27C5A-8B28-4821-A4F2-189F7DFC6C4F}.Release|Any CPU.ActiveCfg = Release|iPhone
		{E0A27C5A-8B28-4821-A4F2-189F7DFC6C4F}.Release|Any CPU.Build.0 = Release|iPhone
		{E0A27C5A-8B28-4821-A4F2-189F7DFC6C4F}.Release|Any CPU.Deploy.0 = Release|iPhone
		{E0A27C5A-8B28-4821-A4F2-189F7DFC6C4F}.Release|iPhone.ActiveCfg = Release|iPhone
		{E0A27C5A-8B28-4821-A4F2-189F7DFC6C4F}.Release|iPhone.Build.0 = Release|iPhone
		{E0A27C5A-8B28-4821-A4F2-189F7DFC6C4F}.Release|iPhone.Deploy.0 = Release|iPhone
		{E0A27C5A-8B28-4821-A4F2-189F7DFC6C4F}.Release|iPhoneSimulator.ActiveCfg = Release|iPhoneSimulator
		{E0A27C5A-8B28-4821-A4F2-189F7DFC6C4F}.Release|iPhoneSimulator.Build.0 = Release|iPhoneSimulator
		{E0A27C5A-8B28-4821-A4F2-189F7DFC6C4F}.Release|iPhoneSimulator.Deploy.0 = Release|iPhoneSimulator
		{00569529-5C2B-45D0-B04D-537F0278636B}.Ad-Hoc|Any CPU.ActiveCfg = Release|Any CPU
		{00569529-5C2B-45D0-B04D-537F0278636B}.Ad-Hoc|Any CPU.Build.0 = Release|Any CPU
		{00569529-5C2B-45D0-B04D-537F0278636B}.Ad-Hoc|Any CPU.Deploy.0 = Release|Any CPU
		{00569529-5C2B-45D0-B04D-537F0278636B}.Ad-Hoc|iPhone.ActiveCfg = Release|Any CPU
		{00569529-5C2B-45D0-B04D-537F0278636B}.Ad-Hoc|iPhone.Build.0 = Release|Any CPU
		{00569529-5C2B-45D0-B04D-537F0278636B}.Ad-Hoc|iPhone.Deploy.0 = Release|Any CPU
		{00569529-5C2B-45D0-B04D-537F0278636B}.Ad-Hoc|iPhoneSimulator.ActiveCfg = Release|Any CPU
		{00569529-5C2B-45D0-B04D-537F0278636B}.Ad-Hoc|iPhoneSimulator.Build.0 = Release|Any CPU
		{00569529-5C2B-45D0-B04D-537F0278636B}.Ad-Hoc|iPhoneSimulator.Deploy.0 = Release|Any CPU
		{00569529-5C2B-45D0-B04D-537F0278636B}.AppStore|Any CPU.ActiveCfg = Release|Any CPU
		{00569529-5C2B-45D0-B04D-537F0278636B}.AppStore|Any CPU.Build.0 = Release|Any CPU
		{00569529-5C2B-45D0-B04D-537F0278636B}.AppStore|Any CPU.Deploy.0 = Release|Any CPU
		{00569529-5C2B-45D0-B04D-537F0278636B}.AppStore|iPhone.ActiveCfg = Release|Any CPU
		{00569529-5C2B-45D0-B04D-537F0278636B}.AppStore|iPhone.Build.0 = Release|Any CPU
		{00569529-5C2B-45D0-B04D-537F0278636B}.AppStore|iPhone.Deploy.0 = Release|Any CPU
		{00569529-5C2B-45D0-B04D-537F0278636B}.AppStore|iPhoneSimulator.ActiveCfg = Release|Any CPU
		{00569529-5C2B-45D0-B04D-537F0278636B}.AppStore|iPhoneSimulator.Build.0 = Release|Any CPU
		{00569529-5C2B-45D0-B04D-537F0278636B}.AppStore|iPhoneSimulator.Deploy.0 = Release|Any CPU
		{00569529-5C2B-45D0-B04D-537F0278636B}.Debug|Any CPU.ActiveCfg = Debug|Any CPU
		{00569529-5C2B-45D0-B04D-537F0278636B}.Debug|Any CPU.Build.0 = Debug|Any CPU
		{00569529-5C2B-45D0-B04D-537F0278636B}.Debug|Any CPU.Deploy.0 = Debug|Any CPU
		{00569529-5C2B-45D0-B04D-537F0278636B}.Debug|iPhone.ActiveCfg = Debug|Any CPU
		{00569529-5C2B-45D0-B04D-537F0278636B}.Debug|iPhone.Build.0 = Debug|Any CPU
		{00569529-5C2B-45D0-B04D-537F0278636B}.Debug|iPhone.Deploy.0 = Debug|Any CPU
		{00569529-5C2B-45D0-B04D-537F0278636B}.Debug|iPhoneSimulator.ActiveCfg = Debug|Any CPU
		{00569529-5C2B-45D0-B04D-537F0278636B}.Debug|iPhoneSimulator.Build.0 = Debug|Any CPU
		{00569529-5C2B-45D0-B04D-537F0278636B}.Debug|iPhoneSimulator.Deploy.0 = Debug|Any CPU
		{00569529-5C2B-45D0-B04D-537F0278636B}.Release|Any CPU.ActiveCfg = Release|Any CPU
		{00569529-5C2B-45D0-B04D-537F0278636B}.Release|Any CPU.Build.0 = Release|Any CPU
		{00569529-5C2B-45D0-B04D-537F0278636B}.Release|Any CPU.Deploy.0 = Release|Any CPU
		{00569529-5C2B-45D0-B04D-537F0278636B}.Release|iPhone.ActiveCfg = Release|Any CPU
		{00569529-5C2B-45D0-B04D-537F0278636B}.Release|iPhone.Build.0 = Release|Any CPU
		{00569529-5C2B-45D0-B04D-537F0278636B}.Release|iPhone.Deploy.0 = Release|Any CPU
		{00569529-5C2B-45D0-B04D-537F0278636B}.Release|iPhoneSimulator.ActiveCfg = Release|Any CPU
		{00569529-5C2B-45D0-B04D-537F0278636B}.Release|iPhoneSimulator.Build.0 = Release|Any CPU
		{00569529-5C2B-45D0-B04D-537F0278636B}.Release|iPhoneSimulator.Deploy.0 = Release|Any CPU
		{3C73B87E-AD15-4D4F-AAB3-9EEDCC3729DD}.Ad-Hoc|Any CPU.ActiveCfg = Ad-Hoc|iPhone
		{3C73B87E-AD15-4D4F-AAB3-9EEDCC3729DD}.Ad-Hoc|iPhone.ActiveCfg = Ad-Hoc|iPhone
		{3C73B87E-AD15-4D4F-AAB3-9EEDCC3729DD}.Ad-Hoc|iPhone.Build.0 = Ad-Hoc|iPhone
		{3C73B87E-AD15-4D4F-AAB3-9EEDCC3729DD}.Ad-Hoc|iPhoneSimulator.ActiveCfg = Ad-Hoc|iPhoneSimulator
		{3C73B87E-AD15-4D4F-AAB3-9EEDCC3729DD}.Ad-Hoc|iPhoneSimulator.Build.0 = Ad-Hoc|iPhoneSimulator
		{3C73B87E-AD15-4D4F-AAB3-9EEDCC3729DD}.AppStore|Any CPU.ActiveCfg = AppStore|iPhone
		{3C73B87E-AD15-4D4F-AAB3-9EEDCC3729DD}.AppStore|iPhone.ActiveCfg = AppStore|iPhone
		{3C73B87E-AD15-4D4F-AAB3-9EEDCC3729DD}.AppStore|iPhone.Build.0 = AppStore|iPhone
		{3C73B87E-AD15-4D4F-AAB3-9EEDCC3729DD}.AppStore|iPhoneSimulator.ActiveCfg = AppStore|iPhoneSimulator
		{3C73B87E-AD15-4D4F-AAB3-9EEDCC3729DD}.AppStore|iPhoneSimulator.Build.0 = AppStore|iPhoneSimulator
		{3C73B87E-AD15-4D4F-AAB3-9EEDCC3729DD}.Debug|Any CPU.ActiveCfg = Debug|iPhone
		{3C73B87E-AD15-4D4F-AAB3-9EEDCC3729DD}.Debug|iPhone.ActiveCfg = Debug|iPhone
		{3C73B87E-AD15-4D4F-AAB3-9EEDCC3729DD}.Debug|iPhone.Build.0 = Debug|iPhone
		{3C73B87E-AD15-4D4F-AAB3-9EEDCC3729DD}.Debug|iPhoneSimulator.ActiveCfg = Debug|iPhoneSimulator
		{3C73B87E-AD15-4D4F-AAB3-9EEDCC3729DD}.Debug|iPhoneSimulator.Build.0 = Debug|iPhoneSimulator
		{3C73B87E-AD15-4D4F-AAB3-9EEDCC3729DD}.Release|Any CPU.ActiveCfg = Release|iPhone
		{3C73B87E-AD15-4D4F-AAB3-9EEDCC3729DD}.Release|iPhone.ActiveCfg = Release|iPhone
		{3C73B87E-AD15-4D4F-AAB3-9EEDCC3729DD}.Release|iPhone.Build.0 = Release|iPhone
		{3C73B87E-AD15-4D4F-AAB3-9EEDCC3729DD}.Release|iPhoneSimulator.ActiveCfg = Release|iPhoneSimulator
		{3C73B87E-AD15-4D4F-AAB3-9EEDCC3729DD}.Release|iPhoneSimulator.Build.0 = Release|iPhoneSimulator
		{9F559EBE-4118-4CFB-9B43-81CB4038B731}.Ad-Hoc|Any CPU.ActiveCfg = Debug|Any CPU
		{9F559EBE-4118-4CFB-9B43-81CB4038B731}.Ad-Hoc|Any CPU.Build.0 = Debug|Any CPU
		{9F559EBE-4118-4CFB-9B43-81CB4038B731}.Ad-Hoc|iPhone.ActiveCfg = Debug|Any CPU
		{9F559EBE-4118-4CFB-9B43-81CB4038B731}.Ad-Hoc|iPhone.Build.0 = Debug|Any CPU
		{9F559EBE-4118-4CFB-9B43-81CB4038B731}.Ad-Hoc|iPhoneSimulator.ActiveCfg = Debug|Any CPU
		{9F559EBE-4118-4CFB-9B43-81CB4038B731}.Ad-Hoc|iPhoneSimulator.Build.0 = Debug|Any CPU
		{9F559EBE-4118-4CFB-9B43-81CB4038B731}.AppStore|Any CPU.ActiveCfg = Debug|Any CPU
		{9F559EBE-4118-4CFB-9B43-81CB4038B731}.AppStore|Any CPU.Build.0 = Debug|Any CPU
		{9F559EBE-4118-4CFB-9B43-81CB4038B731}.AppStore|iPhone.ActiveCfg = Debug|Any CPU
		{9F559EBE-4118-4CFB-9B43-81CB4038B731}.AppStore|iPhone.Build.0 = Debug|Any CPU
		{9F559EBE-4118-4CFB-9B43-81CB4038B731}.AppStore|iPhoneSimulator.ActiveCfg = Debug|Any CPU
		{9F559EBE-4118-4CFB-9B43-81CB4038B731}.AppStore|iPhoneSimulator.Build.0 = Debug|Any CPU
		{9F559EBE-4118-4CFB-9B43-81CB4038B731}.Debug|Any CPU.ActiveCfg = Debug|Any CPU
		{9F559EBE-4118-4CFB-9B43-81CB4038B731}.Debug|Any CPU.Build.0 = Debug|Any CPU
		{9F559EBE-4118-4CFB-9B43-81CB4038B731}.Debug|iPhone.ActiveCfg = Debug|Any CPU
		{9F559EBE-4118-4CFB-9B43-81CB4038B731}.Debug|iPhone.Build.0 = Debug|Any CPU
		{9F559EBE-4118-4CFB-9B43-81CB4038B731}.Debug|iPhoneSimulator.ActiveCfg = Debug|Any CPU
		{9F559EBE-4118-4CFB-9B43-81CB4038B731}.Debug|iPhoneSimulator.Build.0 = Debug|Any CPU
		{9F559EBE-4118-4CFB-9B43-81CB4038B731}.Release|Any CPU.ActiveCfg = Release|Any CPU
		{9F559EBE-4118-4CFB-9B43-81CB4038B731}.Release|Any CPU.Build.0 = Release|Any CPU
		{9F559EBE-4118-4CFB-9B43-81CB4038B731}.Release|iPhone.ActiveCfg = Release|Any CPU
		{9F559EBE-4118-4CFB-9B43-81CB4038B731}.Release|iPhone.Build.0 = Release|Any CPU
		{9F559EBE-4118-4CFB-9B43-81CB4038B731}.Release|iPhoneSimulator.ActiveCfg = Release|Any CPU
		{9F559EBE-4118-4CFB-9B43-81CB4038B731}.Release|iPhoneSimulator.Build.0 = Release|Any CPU
		{A71455BD-0209-4EE8-9A5A-8350E4F1DB8B}.Ad-Hoc|Any CPU.ActiveCfg = Release|Any CPU
		{A71455BD-0209-4EE8-9A5A-8350E4F1DB8B}.Ad-Hoc|Any CPU.Build.0 = Release|Any CPU
		{A71455BD-0209-4EE8-9A5A-8350E4F1DB8B}.Ad-Hoc|Any CPU.Deploy.0 = Release|Any CPU
		{A71455BD-0209-4EE8-9A5A-8350E4F1DB8B}.Ad-Hoc|iPhone.ActiveCfg = Release|Any CPU
		{A71455BD-0209-4EE8-9A5A-8350E4F1DB8B}.Ad-Hoc|iPhone.Build.0 = Release|Any CPU
		{A71455BD-0209-4EE8-9A5A-8350E4F1DB8B}.Ad-Hoc|iPhone.Deploy.0 = Release|Any CPU
		{A71455BD-0209-4EE8-9A5A-8350E4F1DB8B}.Ad-Hoc|iPhoneSimulator.ActiveCfg = Release|Any CPU
		{A71455BD-0209-4EE8-9A5A-8350E4F1DB8B}.Ad-Hoc|iPhoneSimulator.Build.0 = Release|Any CPU
		{A71455BD-0209-4EE8-9A5A-8350E4F1DB8B}.Ad-Hoc|iPhoneSimulator.Deploy.0 = Release|Any CPU
		{A71455BD-0209-4EE8-9A5A-8350E4F1DB8B}.AppStore|Any CPU.ActiveCfg = Release|Any CPU
		{A71455BD-0209-4EE8-9A5A-8350E4F1DB8B}.AppStore|Any CPU.Build.0 = Release|Any CPU
		{A71455BD-0209-4EE8-9A5A-8350E4F1DB8B}.AppStore|Any CPU.Deploy.0 = Release|Any CPU
		{A71455BD-0209-4EE8-9A5A-8350E4F1DB8B}.AppStore|iPhone.ActiveCfg = Release|Any CPU
		{A71455BD-0209-4EE8-9A5A-8350E4F1DB8B}.AppStore|iPhone.Build.0 = Release|Any CPU
		{A71455BD-0209-4EE8-9A5A-8350E4F1DB8B}.AppStore|iPhone.Deploy.0 = Release|Any CPU
		{A71455BD-0209-4EE8-9A5A-8350E4F1DB8B}.AppStore|iPhoneSimulator.ActiveCfg = Release|Any CPU
		{A71455BD-0209-4EE8-9A5A-8350E4F1DB8B}.AppStore|iPhoneSimulator.Build.0 = Release|Any CPU
		{A71455BD-0209-4EE8-9A5A-8350E4F1DB8B}.AppStore|iPhoneSimulator.Deploy.0 = Release|Any CPU
		{A71455BD-0209-4EE8-9A5A-8350E4F1DB8B}.Debug|Any CPU.ActiveCfg = Debug|Any CPU
		{A71455BD-0209-4EE8-9A5A-8350E4F1DB8B}.Debug|Any CPU.Build.0 = Debug|Any CPU
		{A71455BD-0209-4EE8-9A5A-8350E4F1DB8B}.Debug|Any CPU.Deploy.0 = Debug|Any CPU
		{A71455BD-0209-4EE8-9A5A-8350E4F1DB8B}.Debug|iPhone.ActiveCfg = Debug|Any CPU
		{A71455BD-0209-4EE8-9A5A-8350E4F1DB8B}.Debug|iPhone.Build.0 = Debug|Any CPU
		{A71455BD-0209-4EE8-9A5A-8350E4F1DB8B}.Debug|iPhone.Deploy.0 = Debug|Any CPU
		{A71455BD-0209-4EE8-9A5A-8350E4F1DB8B}.Debug|iPhoneSimulator.ActiveCfg = Debug|Any CPU
		{A71455BD-0209-4EE8-9A5A-8350E4F1DB8B}.Debug|iPhoneSimulator.Build.0 = Debug|Any CPU
		{A71455BD-0209-4EE8-9A5A-8350E4F1DB8B}.Debug|iPhoneSimulator.Deploy.0 = Debug|Any CPU
		{A71455BD-0209-4EE8-9A5A-8350E4F1DB8B}.Release|Any CPU.ActiveCfg = Release|Any CPU
		{A71455BD-0209-4EE8-9A5A-8350E4F1DB8B}.Release|Any CPU.Build.0 = Release|Any CPU
		{A71455BD-0209-4EE8-9A5A-8350E4F1DB8B}.Release|Any CPU.Deploy.0 = Release|Any CPU
		{A71455BD-0209-4EE8-9A5A-8350E4F1DB8B}.Release|iPhone.ActiveCfg = Release|Any CPU
		{A71455BD-0209-4EE8-9A5A-8350E4F1DB8B}.Release|iPhone.Build.0 = Release|Any CPU
		{A71455BD-0209-4EE8-9A5A-8350E4F1DB8B}.Release|iPhone.Deploy.0 = Release|Any CPU
		{A71455BD-0209-4EE8-9A5A-8350E4F1DB8B}.Release|iPhoneSimulator.ActiveCfg = Release|Any CPU
		{A71455BD-0209-4EE8-9A5A-8350E4F1DB8B}.Release|iPhoneSimulator.Build.0 = Release|Any CPU
		{A71455BD-0209-4EE8-9A5A-8350E4F1DB8B}.Release|iPhoneSimulator.Deploy.0 = Release|Any CPU
		{BA1A5FD3-6E55-496F-8032-C941EBFABC50}.Ad-Hoc|Any CPU.ActiveCfg = Ad-Hoc|iPhone
		{BA1A5FD3-6E55-496F-8032-C941EBFABC50}.Ad-Hoc|iPhone.ActiveCfg = Ad-Hoc|iPhone
		{BA1A5FD3-6E55-496F-8032-C941EBFABC50}.Ad-Hoc|iPhone.Build.0 = Ad-Hoc|iPhone
		{BA1A5FD3-6E55-496F-8032-C941EBFABC50}.Ad-Hoc|iPhoneSimulator.ActiveCfg = Ad-Hoc|iPhoneSimulator
		{BA1A5FD3-6E55-496F-8032-C941EBFABC50}.Ad-Hoc|iPhoneSimulator.Build.0 = Ad-Hoc|iPhoneSimulator
		{BA1A5FD3-6E55-496F-8032-C941EBFABC50}.AppStore|Any CPU.ActiveCfg = AppStore|iPhone
		{BA1A5FD3-6E55-496F-8032-C941EBFABC50}.AppStore|iPhone.ActiveCfg = AppStore|iPhone
		{BA1A5FD3-6E55-496F-8032-C941EBFABC50}.AppStore|iPhone.Build.0 = AppStore|iPhone
		{BA1A5FD3-6E55-496F-8032-C941EBFABC50}.AppStore|iPhoneSimulator.ActiveCfg = AppStore|iPhoneSimulator
		{BA1A5FD3-6E55-496F-8032-C941EBFABC50}.AppStore|iPhoneSimulator.Build.0 = AppStore|iPhoneSimulator
		{BA1A5FD3-6E55-496F-8032-C941EBFABC50}.Debug|Any CPU.ActiveCfg = Debug|iPhone
		{BA1A5FD3-6E55-496F-8032-C941EBFABC50}.Debug|iPhone.ActiveCfg = Debug|iPhone
		{BA1A5FD3-6E55-496F-8032-C941EBFABC50}.Debug|iPhone.Build.0 = Debug|iPhone
		{BA1A5FD3-6E55-496F-8032-C941EBFABC50}.Debug|iPhoneSimulator.ActiveCfg = Debug|iPhoneSimulator
		{BA1A5FD3-6E55-496F-8032-C941EBFABC50}.Debug|iPhoneSimulator.Build.0 = Debug|iPhoneSimulator
		{BA1A5FD3-6E55-496F-8032-C941EBFABC50}.Release|Any CPU.ActiveCfg = Release|iPhone
		{BA1A5FD3-6E55-496F-8032-C941EBFABC50}.Release|iPhone.ActiveCfg = Release|iPhone
		{BA1A5FD3-6E55-496F-8032-C941EBFABC50}.Release|iPhone.Build.0 = Release|iPhone
		{BA1A5FD3-6E55-496F-8032-C941EBFABC50}.Release|iPhoneSimulator.ActiveCfg = Release|iPhoneSimulator
		{BA1A5FD3-6E55-496F-8032-C941EBFABC50}.Release|iPhoneSimulator.Build.0 = Release|iPhoneSimulator
		{7DDF06DA-BBD2-45E3-A337-4CFA56AD4C81}.Ad-Hoc|Any CPU.ActiveCfg = Debug|Any CPU
		{7DDF06DA-BBD2-45E3-A337-4CFA56AD4C81}.Ad-Hoc|Any CPU.Build.0 = Debug|Any CPU
		{7DDF06DA-BBD2-45E3-A337-4CFA56AD4C81}.Ad-Hoc|iPhone.ActiveCfg = Debug|Any CPU
		{7DDF06DA-BBD2-45E3-A337-4CFA56AD4C81}.Ad-Hoc|iPhone.Build.0 = Debug|Any CPU
		{7DDF06DA-BBD2-45E3-A337-4CFA56AD4C81}.Ad-Hoc|iPhoneSimulator.ActiveCfg = Debug|Any CPU
		{7DDF06DA-BBD2-45E3-A337-4CFA56AD4C81}.Ad-Hoc|iPhoneSimulator.Build.0 = Debug|Any CPU
		{7DDF06DA-BBD2-45E3-A337-4CFA56AD4C81}.AppStore|Any CPU.ActiveCfg = Debug|Any CPU
		{7DDF06DA-BBD2-45E3-A337-4CFA56AD4C81}.AppStore|Any CPU.Build.0 = Debug|Any CPU
		{7DDF06DA-BBD2-45E3-A337-4CFA56AD4C81}.AppStore|iPhone.ActiveCfg = Debug|Any CPU
		{7DDF06DA-BBD2-45E3-A337-4CFA56AD4C81}.AppStore|iPhone.Build.0 = Debug|Any CPU
		{7DDF06DA-BBD2-45E3-A337-4CFA56AD4C81}.AppStore|iPhoneSimulator.ActiveCfg = Debug|Any CPU
		{7DDF06DA-BBD2-45E3-A337-4CFA56AD4C81}.AppStore|iPhoneSimulator.Build.0 = Debug|Any CPU
		{7DDF06DA-BBD2-45E3-A337-4CFA56AD4C81}.Debug|Any CPU.ActiveCfg = Debug|Any CPU
		{7DDF06DA-BBD2-45E3-A337-4CFA56AD4C81}.Debug|Any CPU.Build.0 = Debug|Any CPU
		{7DDF06DA-BBD2-45E3-A337-4CFA56AD4C81}.Debug|iPhone.ActiveCfg = Debug|Any CPU
		{7DDF06DA-BBD2-45E3-A337-4CFA56AD4C81}.Debug|iPhone.Build.0 = Debug|Any CPU
		{7DDF06DA-BBD2-45E3-A337-4CFA56AD4C81}.Debug|iPhoneSimulator.ActiveCfg = Debug|Any CPU
		{7DDF06DA-BBD2-45E3-A337-4CFA56AD4C81}.Debug|iPhoneSimulator.Build.0 = Debug|Any CPU
		{7DDF06DA-BBD2-45E3-A337-4CFA56AD4C81}.Release|Any CPU.ActiveCfg = Release|Any CPU
		{7DDF06DA-BBD2-45E3-A337-4CFA56AD4C81}.Release|Any CPU.Build.0 = Release|Any CPU
		{7DDF06DA-BBD2-45E3-A337-4CFA56AD4C81}.Release|iPhone.ActiveCfg = Release|Any CPU
		{7DDF06DA-BBD2-45E3-A337-4CFA56AD4C81}.Release|iPhone.Build.0 = Release|Any CPU
		{7DDF06DA-BBD2-45E3-A337-4CFA56AD4C81}.Release|iPhoneSimulator.ActiveCfg = Release|Any CPU
		{7DDF06DA-BBD2-45E3-A337-4CFA56AD4C81}.Release|iPhoneSimulator.Build.0 = Release|Any CPU
		{F2EE17E9-CA18-4F70-BA98-443535842090}.Ad-Hoc|Any CPU.ActiveCfg = Release|Any CPU
		{F2EE17E9-CA18-4F70-BA98-443535842090}.Ad-Hoc|Any CPU.Build.0 = Release|Any CPU
		{F2EE17E9-CA18-4F70-BA98-443535842090}.Ad-Hoc|Any CPU.Deploy.0 = Release|Any CPU
		{F2EE17E9-CA18-4F70-BA98-443535842090}.Ad-Hoc|iPhone.ActiveCfg = Release|Any CPU
		{F2EE17E9-CA18-4F70-BA98-443535842090}.Ad-Hoc|iPhone.Build.0 = Release|Any CPU
		{F2EE17E9-CA18-4F70-BA98-443535842090}.Ad-Hoc|iPhone.Deploy.0 = Release|Any CPU
		{F2EE17E9-CA18-4F70-BA98-443535842090}.Ad-Hoc|iPhoneSimulator.ActiveCfg = Release|Any CPU
		{F2EE17E9-CA18-4F70-BA98-443535842090}.Ad-Hoc|iPhoneSimulator.Build.0 = Release|Any CPU
		{F2EE17E9-CA18-4F70-BA98-443535842090}.Ad-Hoc|iPhoneSimulator.Deploy.0 = Release|Any CPU
		{F2EE17E9-CA18-4F70-BA98-443535842090}.AppStore|Any CPU.ActiveCfg = Release|Any CPU
		{F2EE17E9-CA18-4F70-BA98-443535842090}.AppStore|Any CPU.Build.0 = Release|Any CPU
		{F2EE17E9-CA18-4F70-BA98-443535842090}.AppStore|Any CPU.Deploy.0 = Release|Any CPU
		{F2EE17E9-CA18-4F70-BA98-443535842090}.AppStore|iPhone.ActiveCfg = Release|Any CPU
		{F2EE17E9-CA18-4F70-BA98-443535842090}.AppStore|iPhone.Build.0 = Release|Any CPU
		{F2EE17E9-CA18-4F70-BA98-443535842090}.AppStore|iPhone.Deploy.0 = Release|Any CPU
		{F2EE17E9-CA18-4F70-BA98-443535842090}.AppStore|iPhoneSimulator.ActiveCfg = Release|Any CPU
		{F2EE17E9-CA18-4F70-BA98-443535842090}.AppStore|iPhoneSimulator.Build.0 = Release|Any CPU
		{F2EE17E9-CA18-4F70-BA98-443535842090}.AppStore|iPhoneSimulator.Deploy.0 = Release|Any CPU
		{F2EE17E9-CA18-4F70-BA98-443535842090}.Debug|Any CPU.ActiveCfg = Debug|Any CPU
		{F2EE17E9-CA18-4F70-BA98-443535842090}.Debug|Any CPU.Build.0 = Debug|Any CPU
		{F2EE17E9-CA18-4F70-BA98-443535842090}.Debug|Any CPU.Deploy.0 = Debug|Any CPU
		{F2EE17E9-CA18-4F70-BA98-443535842090}.Debug|iPhone.ActiveCfg = Debug|Any CPU
		{F2EE17E9-CA18-4F70-BA98-443535842090}.Debug|iPhone.Build.0 = Debug|Any CPU
		{F2EE17E9-CA18-4F70-BA98-443535842090}.Debug|iPhone.Deploy.0 = Debug|Any CPU
		{F2EE17E9-CA18-4F70-BA98-443535842090}.Debug|iPhoneSimulator.ActiveCfg = Debug|Any CPU
		{F2EE17E9-CA18-4F70-BA98-443535842090}.Debug|iPhoneSimulator.Build.0 = Debug|Any CPU
		{F2EE17E9-CA18-4F70-BA98-443535842090}.Debug|iPhoneSimulator.Deploy.0 = Debug|Any CPU
		{F2EE17E9-CA18-4F70-BA98-443535842090}.Release|Any CPU.ActiveCfg = Release|Any CPU
		{F2EE17E9-CA18-4F70-BA98-443535842090}.Release|Any CPU.Build.0 = Release|Any CPU
		{F2EE17E9-CA18-4F70-BA98-443535842090}.Release|Any CPU.Deploy.0 = Release|Any CPU
		{F2EE17E9-CA18-4F70-BA98-443535842090}.Release|iPhone.ActiveCfg = Release|Any CPU
		{F2EE17E9-CA18-4F70-BA98-443535842090}.Release|iPhone.Build.0 = Release|Any CPU
		{F2EE17E9-CA18-4F70-BA98-443535842090}.Release|iPhone.Deploy.0 = Release|Any CPU
		{F2EE17E9-CA18-4F70-BA98-443535842090}.Release|iPhoneSimulator.ActiveCfg = Release|Any CPU
		{F2EE17E9-CA18-4F70-BA98-443535842090}.Release|iPhoneSimulator.Build.0 = Release|Any CPU
		{F2EE17E9-CA18-4F70-BA98-443535842090}.Release|iPhoneSimulator.Deploy.0 = Release|Any CPU
		{DE0619A0-D89F-4330-960A-695D92BED4E4}.Ad-Hoc|Any CPU.ActiveCfg = Ad-Hoc|iPhone
		{DE0619A0-D89F-4330-960A-695D92BED4E4}.Ad-Hoc|iPhone.ActiveCfg = Ad-Hoc|iPhone
		{DE0619A0-D89F-4330-960A-695D92BED4E4}.Ad-Hoc|iPhone.Build.0 = Ad-Hoc|iPhone
		{DE0619A0-D89F-4330-960A-695D92BED4E4}.Ad-Hoc|iPhoneSimulator.ActiveCfg = Ad-Hoc|iPhoneSimulator
		{DE0619A0-D89F-4330-960A-695D92BED4E4}.Ad-Hoc|iPhoneSimulator.Build.0 = Ad-Hoc|iPhoneSimulator
		{DE0619A0-D89F-4330-960A-695D92BED4E4}.AppStore|Any CPU.ActiveCfg = AppStore|iPhone
		{DE0619A0-D89F-4330-960A-695D92BED4E4}.AppStore|iPhone.ActiveCfg = AppStore|iPhone
		{DE0619A0-D89F-4330-960A-695D92BED4E4}.AppStore|iPhone.Build.0 = AppStore|iPhone
		{DE0619A0-D89F-4330-960A-695D92BED4E4}.AppStore|iPhoneSimulator.ActiveCfg = AppStore|iPhoneSimulator
		{DE0619A0-D89F-4330-960A-695D92BED4E4}.AppStore|iPhoneSimulator.Build.0 = AppStore|iPhoneSimulator
		{DE0619A0-D89F-4330-960A-695D92BED4E4}.Debug|Any CPU.ActiveCfg = Debug|iPhone
		{DE0619A0-D89F-4330-960A-695D92BED4E4}.Debug|iPhone.ActiveCfg = Debug|iPhone
		{DE0619A0-D89F-4330-960A-695D92BED4E4}.Debug|iPhone.Build.0 = Debug|iPhone
		{DE0619A0-D89F-4330-960A-695D92BED4E4}.Debug|iPhoneSimulator.ActiveCfg = Debug|iPhoneSimulator
		{DE0619A0-D89F-4330-960A-695D92BED4E4}.Debug|iPhoneSimulator.Build.0 = Debug|iPhoneSimulator
		{DE0619A0-D89F-4330-960A-695D92BED4E4}.Release|Any CPU.ActiveCfg = Release|iPhone
		{DE0619A0-D89F-4330-960A-695D92BED4E4}.Release|iPhone.ActiveCfg = Release|iPhone
		{DE0619A0-D89F-4330-960A-695D92BED4E4}.Release|iPhone.Build.0 = Release|iPhone
		{DE0619A0-D89F-4330-960A-695D92BED4E4}.Release|iPhoneSimulator.ActiveCfg = Release|iPhoneSimulator
		{DE0619A0-D89F-4330-960A-695D92BED4E4}.Release|iPhoneSimulator.Build.0 = Release|iPhoneSimulator
		{132EA879-14C1-4EC0-B6BA-8175AF49844B}.Ad-Hoc|Any CPU.ActiveCfg = Debug|Any CPU
		{132EA879-14C1-4EC0-B6BA-8175AF49844B}.Ad-Hoc|Any CPU.Build.0 = Debug|Any CPU
		{132EA879-14C1-4EC0-B6BA-8175AF49844B}.Ad-Hoc|iPhone.ActiveCfg = Debug|Any CPU
		{132EA879-14C1-4EC0-B6BA-8175AF49844B}.Ad-Hoc|iPhone.Build.0 = Debug|Any CPU
		{132EA879-14C1-4EC0-B6BA-8175AF49844B}.Ad-Hoc|iPhoneSimulator.ActiveCfg = Debug|Any CPU
		{132EA879-14C1-4EC0-B6BA-8175AF49844B}.Ad-Hoc|iPhoneSimulator.Build.0 = Debug|Any CPU
		{132EA879-14C1-4EC0-B6BA-8175AF49844B}.AppStore|Any CPU.ActiveCfg = Debug|Any CPU
		{132EA879-14C1-4EC0-B6BA-8175AF49844B}.AppStore|Any CPU.Build.0 = Debug|Any CPU
		{132EA879-14C1-4EC0-B6BA-8175AF49844B}.AppStore|iPhone.ActiveCfg = Debug|Any CPU
		{132EA879-14C1-4EC0-B6BA-8175AF49844B}.AppStore|iPhone.Build.0 = Debug|Any CPU
		{132EA879-14C1-4EC0-B6BA-8175AF49844B}.AppStore|iPhoneSimulator.ActiveCfg = Debug|Any CPU
		{132EA879-14C1-4EC0-B6BA-8175AF49844B}.AppStore|iPhoneSimulator.Build.0 = Debug|Any CPU
		{132EA879-14C1-4EC0-B6BA-8175AF49844B}.Debug|Any CPU.ActiveCfg = Debug|Any CPU
		{132EA879-14C1-4EC0-B6BA-8175AF49844B}.Debug|Any CPU.Build.0 = Debug|Any CPU
		{132EA879-14C1-4EC0-B6BA-8175AF49844B}.Debug|iPhone.ActiveCfg = Debug|Any CPU
		{132EA879-14C1-4EC0-B6BA-8175AF49844B}.Debug|iPhone.Build.0 = Debug|Any CPU
		{132EA879-14C1-4EC0-B6BA-8175AF49844B}.Debug|iPhoneSimulator.ActiveCfg = Debug|Any CPU
		{132EA879-14C1-4EC0-B6BA-8175AF49844B}.Debug|iPhoneSimulator.Build.0 = Debug|Any CPU
		{132EA879-14C1-4EC0-B6BA-8175AF49844B}.Release|Any CPU.ActiveCfg = Release|Any CPU
		{132EA879-14C1-4EC0-B6BA-8175AF49844B}.Release|Any CPU.Build.0 = Release|Any CPU
		{132EA879-14C1-4EC0-B6BA-8175AF49844B}.Release|iPhone.ActiveCfg = Release|Any CPU
		{132EA879-14C1-4EC0-B6BA-8175AF49844B}.Release|iPhone.Build.0 = Release|Any CPU
		{132EA879-14C1-4EC0-B6BA-8175AF49844B}.Release|iPhoneSimulator.ActiveCfg = Release|Any CPU
		{132EA879-14C1-4EC0-B6BA-8175AF49844B}.Release|iPhoneSimulator.Build.0 = Release|Any CPU
	EndGlobalSection
	GlobalSection(SolutionProperties) = preSolution
		HideSolutionNode = FALSE
	EndGlobalSection
	GlobalSection(NestedProjects) = preSolution
		{B3FA5F1D-96F3-4EDB-BCF0-D3DFCFB2960F} = {A2B20DF8-91BC-4F9E-AA36-6076A7388C19}
		{E0A27C5A-8B28-4821-A4F2-189F7DFC6C4F} = {A2B20DF8-91BC-4F9E-AA36-6076A7388C19}
		{73DF2F40-DB8C-4A50-A526-AF59E1994193} = {A2B20DF8-91BC-4F9E-AA36-6076A7388C19}
		{00569529-5C2B-45D0-B04D-537F0278636B} = {A2B20DF8-91BC-4F9E-AA36-6076A7388C19}
		{3C73B87E-AD15-4D4F-AAB3-9EEDCC3729DD} = {A2B20DF8-91BC-4F9E-AA36-6076A7388C19}
		{9F559EBE-4118-4CFB-9B43-81CB4038B731} = {A2B20DF8-91BC-4F9E-AA36-6076A7388C19}
		{A71455BD-0209-4EE8-9A5A-8350E4F1DB8B} = {D693095C-65B3-4ABB-BCA9-F1208F7830AA}
		{BA1A5FD3-6E55-496F-8032-C941EBFABC50} = {D693095C-65B3-4ABB-BCA9-F1208F7830AA}
		{7DDF06DA-BBD2-45E3-A337-4CFA56AD4C81} = {D693095C-65B3-4ABB-BCA9-F1208F7830AA}
		{F2EE17E9-CA18-4F70-BA98-443535842090} = {5DDE444A-85D9-4E64-B9F0-6B8010F94435}
		{DE0619A0-D89F-4330-960A-695D92BED4E4} = {5DDE444A-85D9-4E64-B9F0-6B8010F94435}
		{132EA879-14C1-4EC0-B6BA-8175AF49844B} = {5DDE444A-85D9-4E64-B9F0-6B8010F94435}
	EndGlobalSection
	GlobalSection(ExtensibilityGlobals) = postSolution
		SolutionGuid = {CE622EF9-FA2E-42F6-B4EF-546AD10A874F}
	EndGlobalSection
EndGlobal
